lockfileVersion: '9.0'

settings:
  autoInstallPeers: true
  excludeLinksFromLockfile: false

importers:

  .:
    dependencies:
      '@types/node':
        specifier: ^20.12.7
        version: 20.12.7
      fileCache:
        specifier: file:../fileCache
        version: file:../fileCache
      myUtils:
        specifier: file:../myUtils
        version: myutils@file:../myUtils

packages:

  '@types/node@20.12.7':
    resolution: {integrity: sha512-wq0cICSkRLVaf3UGLMGItu/PtdY7oaXaI/RVU+xliKVOtRna3PRY57ZDfztpDL0n11vfymMUnXv8QwYCO7L1wg==}

  fileCache@file:../fileCache:
    resolution: {directory: ../fileCache, type: directory}

  myutils@file:../myUtils:
    resolution: {directory: ../myUtils, type: directory}

  undici-types@5.26.5:
    resolution: {integrity: sha512-JlCMO+ehdEIKqlFxk6IfVoAUVmgz7cU7zD/h9XZ0qzeosSHmUJVOzSQvvYSYWXkFXC+IfLKSIffhv0sVZup6pA==}

snapshots:

  '@types/node@20.12.7':
    dependencies:
      undici-types: 5.26.5

  fileCache@file:../fileCache: {}

  myutils@file:../myUtils: {}

  undici-types@5.26.5: {}
